
Microsoft Visual Studio Solution File, Format Version 12.00
# Visual Studio Version 17
VisualStudioVersion = 17.3.32804.467
MinimumVisualStudioVersion = 10.0.40219.1
Project("{FAE04EC0-301F-11D3-BF4B-00C04F79EFBC}") = "Assignment1_3MVC", "Assignment1_3MVC\Assignment1_3MVC.csproj", "{28AD2F69-6E0D-4267-A2DB-3619C17258BB}"
EndProject
Global
	GlobalSection(SolutionConfigurationPlatforms) = preSolution
		Debug|Any CPU = Debug|Any CPU
		Release|Any CPU = Release|Any CPU
	EndGlobalSection
	GlobalSection(ProjectConfigurationPlatforms) = postSolution
		{28AD2F69-6E0D-4267-A2DB-3619C17258BB}.Debug|Any CPU.ActiveCfg = Debug|Any CPU
		{28AD2F69-6E0D-4267-A2DB-3619C17258BB}.Debug|Any CPU.Build.0 = Debug|Any CPU
		{28AD2F69-6E0D-4267-A2DB-3619C17258BB}.Release|Any CPU.ActiveCfg = Release|Any CPU
		{28AD2F69-6E0D-4267-A2DB-3619C17258BB}.Release|Any CPU.Build.0 = Release|Any CPU
	EndGlobalSection
	GlobalSection(SolutionProperties) = preSolution
		HideSolutionNode = FALSE
	EndGlobalSection
	GlobalSection(ExtensibilityGlobals) = postSolution
		SolutionGuid = {EB8956AC-80B6-41BE-8567-D81967905A5E}
	EndGlobalSection
EndGlobal
